
Microsoft Visual Studio Solution File, Format Version 12.00
# Visual Studio Version 17
VisualStudioVersion = 17.11.35208.52
MinimumVisualStudioVersion = 10.0.40219.1
Project("{FAE04EC0-301F-11D3-BF4B-00C04F79EFBC}") = "woodInventory.Server", "woodInventory.Server\woodInventory.Server.csproj", "{9218A20D-C3B4-4B0E-B747-95A77C5E1BD9}"
EndProject
Project("{54A90642-561A-4BB1-A94E-469ADEE60C69}") = "woodinventory.client", "woodinventory.client\woodinventory.client.esproj", "{A28A3B02-134E-458F-B47A-3C92178A31BB}"
EndProject
Global
	GlobalSection(SolutionConfigurationPlatforms) = preSolution
		Debug|Any CPU = Debug|Any CPU
		Release|Any CPU = Release|Any CPU
	EndGlobalSection
	GlobalSection(ProjectConfigurationPlatforms) = postSolution
		{9218A20D-C3B4-4B0E-B747-95A77C5E1BD9}.Debug|Any CPU.ActiveCfg = Debug|Any CPU
		{9218A20D-C3B4-4B0E-B747-95A77C5E1BD9}.Debug|Any CPU.Build.0 = Debug|Any CPU
		{9218A20D-C3B4-4B0E-B747-95A77C5E1BD9}.Release|Any CPU.ActiveCfg = Release|Any CPU
		{9218A20D-C3B4-4B0E-B747-95A77C5E1BD9}.Release|Any CPU.Build.0 = Release|Any CPU
		{A28A3B02-134E-458F-B47A-3C92178A31BB}.Debug|Any CPU.ActiveCfg = Debug|Any CPU
		{A28A3B02-134E-458F-B47A-3C92178A31BB}.Debug|Any CPU.Build.0 = Debug|Any CPU
		{A28A3B02-134E-458F-B47A-3C92178A31BB}.Debug|Any CPU.Deploy.0 = Debug|Any CPU
		{A28A3B02-134E-458F-B47A-3C92178A31BB}.Release|Any CPU.ActiveCfg = Release|Any CPU
		{A28A3B02-134E-458F-B47A-3C92178A31BB}.Release|Any CPU.Build.0 = Release|Any CPU
		{A28A3B02-134E-458F-B47A-3C92178A31BB}.Release|Any CPU.Deploy.0 = Release|Any CPU
	EndGlobalSection
	GlobalSection(SolutionProperties) = preSolution
		HideSolutionNode = FALSE
	EndGlobalSection
	GlobalSection(ExtensibilityGlobals) = postSolution
		SolutionGuid = {68A3D082-D01E-4A66-B00E-75ABFA014C71}
	EndGlobalSection
EndGlobal
